
Microsoft Visual Studio Solution File, Format Version 12.00
# Visual Studio Version 17
VisualStudioVersion = 17.3.32922.545
MinimumVisualStudioVersion = 10.0.40219.1
Project("{9A19103F-16F7-4668-BE54-9A1E7A4F7556}") = "projetcamion", "projetcamion\projetcamion.csproj", "{13E5C01E-403F-4475-AB1B-FB1E0377204E}"
EndProject
Project("{9A19103F-16F7-4668-BE54-9A1E7A4F7556}") = "TestConsole", "TestConsole\TestConsole.csproj", "{CADD043E-167E-4919-A465-68C8584D2A3D}"
EndProject
Project("{9A19103F-16F7-4668-BE54-9A1E7A4F7556}") = "InterfaceForms", "InterfaceForms\InterfaceForms.csproj", "{4DB81623-D8D2-44F4-8C6C-ABABD66942A9}"
EndProject
Project("{FAE04EC0-301F-11D3-BF4B-00C04F79EFBC}") = "TestProject1", "TestProject1\TestProject1.csproj", "{29599143-7930-4591-B163-56A9DB138FA3}"
EndProject
Global
	GlobalSection(SolutionConfigurationPlatforms) = preSolution
		Debug|Any CPU = Debug|Any CPU
		Release|Any CPU = Release|Any CPU
	EndGlobalSection
	GlobalSection(ProjectConfigurationPlatforms) = postSolution
		{13E5C01E-403F-4475-AB1B-FB1E0377204E}.Debug|Any CPU.ActiveCfg = Debug|Any CPU
		{13E5C01E-403F-4475-AB1B-FB1E0377204E}.Debug|Any CPU.Build.0 = Debug|Any CPU
		{13E5C01E-403F-4475-AB1B-FB1E0377204E}.Release|Any CPU.ActiveCfg = Release|Any CPU
		{13E5C01E-403F-4475-AB1B-FB1E0377204E}.Release|Any CPU.Build.0 = Release|Any CPU
		{CADD043E-167E-4919-A465-68C8584D2A3D}.Debug|Any CPU.ActiveCfg = Debug|Any CPU
		{CADD043E-167E-4919-A465-68C8584D2A3D}.Debug|Any CPU.Build.0 = Debug|Any CPU
		{CADD043E-167E-4919-A465-68C8584D2A3D}.Release|Any CPU.ActiveCfg = Release|Any CPU
		{CADD043E-167E-4919-A465-68C8584D2A3D}.Release|Any CPU.Build.0 = Release|Any CPU
		{4DB81623-D8D2-44F4-8C6C-ABABD66942A9}.Debug|Any CPU.ActiveCfg = Debug|Any CPU
		{4DB81623-D8D2-44F4-8C6C-ABABD66942A9}.Debug|Any CPU.Build.0 = Debug|Any CPU
		{4DB81623-D8D2-44F4-8C6C-ABABD66942A9}.Release|Any CPU.ActiveCfg = Release|Any CPU
		{4DB81623-D8D2-44F4-8C6C-ABABD66942A9}.Release|Any CPU.Build.0 = Release|Any CPU
		{29599143-7930-4591-B163-56A9DB138FA3}.Debug|Any CPU.ActiveCfg = Debug|Any CPU
		{29599143-7930-4591-B163-56A9DB138FA3}.Debug|Any CPU.Build.0 = Debug|Any CPU
		{29599143-7930-4591-B163-56A9DB138FA3}.Release|Any CPU.ActiveCfg = Release|Any CPU
		{29599143-7930-4591-B163-56A9DB138FA3}.Release|Any CPU.Build.0 = Release|Any CPU
	EndGlobalSection
	GlobalSection(SolutionProperties) = preSolution
		HideSolutionNode = FALSE
	EndGlobalSection
	GlobalSection(ExtensibilityGlobals) = postSolution
		SolutionGuid = {EE15B4E3-5605-4B50-897F-437EB5C1A806}
	EndGlobalSection
EndGlobal
